{
  "object": {
    "pins": [
      {
        "package": "BudouX.swift",
        "repositoryURL": "https://github.com/griffin-stewie/BudouX.swift",
        "state": {
          "branch": null,
          "revision": "9c319da851314dd82b5ec3512338883354c07df1",
          "version": "0.5.0"
        }
      },
      {
        "package": "SwiftSoup",
        "repositoryURL": "https://github.com/scinfu/SwiftSoup.git",
        "state": {
          "branch": null,
          "revision": "11da8c685ddde2d519fad04a7daf8485bbbc773e",
          "version": "1.7.5"
        }
      }
    ]
  },
  "version": 1
}
