{
  "object": {
    "pins": [
      {
        "package": "BudouX.swift",
        "repositoryURL": "https://github.com/griffin-stewie/BudouX.swift",
        "state": {
          "branch": "main",
          "revision": "8f9953c75259f22e8c06b9fc332307aa240e0788",
          "version": null
        }
      },
      {
        "package": "SwiftSoup",
        "repositoryURL": "https://github.com/scinfu/SwiftSoup.git",
        "state": {
          "branch": null,
          "revision": "11da8c685ddde2d519fad04a7daf8485bbbc773e",
          "version": "1.7.5"
        }
      }
    ]
  },
  "version": 1
}
